# This file is autogenerated, do not edit; changes may be undone by the next 'dep ensure'.


[[projects]]
  name = "github.com/alicebob/miniredis"
  packages = [".","server"]
  revision = "70cb3fab2cf658a95f2ccae5bfb2f0ccbba0c548"
  version = "2.2.1"

[[projects]]
  name = "github.com/coreos/etcd"
  packages = ["client","pkg/pathutil","pkg/srv","pkg/types","version"]
  revision = "b19dae00651b890498bcca38ac2cc3cad471281e"
  version = "v3.2.12"

[[projects]]
  name = "github.com/coreos/go-semver"
  packages = ["semver"]
  revision = "8ab6407b697782a06568d4b7f1db25550ec2e4c6"
  version = "v0.2.0"

[[projects]]
  name = "github.com/go-redis/redis"
  packages = [".","internal","internal/consistenthash","internal/hashtag","internal/pool","internal/proto"]
  revision = "9c885d5ba8a22f260badcffde1649915fbeebfc0"
  version = "v6.7.5"

[[projects]]
  name = "github.com/pkg/errors"
  packages = ["."]
  revision = "645ef00459ed84a119197bfb8d8205042c6df63d"
  version = "v0.8.0"

[[projects]]
  branch = "master"
  name = "github.com/tcolgate/mp3"
  packages = [".","internal/data"]
  revision = "e79c5a46d30097711c17ac6dee3b1839473cdca8"

[[projects]]
  branch = "master"
  name = "github.com/ugorji/go"
  packages = ["codec"]
  revision = "adc90d020264cc082f0c094fc492f68304206c51"

[[projects]]
  branch = "master"
  name = "golang.org/x/net"
  packages = ["context"]
  revision = "d866cfc389cec985d6fda2859936a575a55a3ab6"

[solve-meta]
  analyzer-name = "dep"
  analyzer-version = 1
  inputs-digest = "ef1f4c59ca7821b1ccc2d33fba45863c4b8c35fbb8b8971bd45c90c18ca00e95"
  solver-name = "gps-cdcl"
  solver-version = 1
